
Microsoft Visual Studio Solution File, Format Version 12.00
# Visual Studio Version 16
VisualStudioVersion = 16.0.30503.244
MinimumVisualStudioVersion = 10.0.40219.1
Project("{8BC9CEB8-8B4A-11D0-8D11-00A0C91BC942}") = "CVMFC1", "CVMFC1.vcxproj", "{BBDBB73B-23C7-443D-8583-0B3301A2A753}"
EndProject
Global
	GlobalSection(SolutionConfigurationPlatforms) = preSolution
		Debug|x64 = Debug|x64
		Debug|x86 = Debug|x86
		Release|x64 = Release|x64
		Release|x86 = Release|x86
	EndGlobalSection
	GlobalSection(ProjectConfigurationPlatforms) = postSolution
		{BBDBB73B-23C7-443D-8583-0B3301A2A753}.Debug|x64.ActiveCfg = Debug|x64
		{BBDBB73B-23C7-443D-8583-0B3301A2A753}.Debug|x64.Build.0 = Debug|x64
		{BBDBB73B-23C7-443D-8583-0B3301A2A753}.Debug|x86.ActiveCfg = Debug|Win32
		{BBDBB73B-23C7-443D-8583-0B3301A2A753}.Debug|x86.Build.0 = Debug|Win32
		{BBDBB73B-23C7-443D-8583-0B3301A2A753}.Release|x64.ActiveCfg = Release|x64
		{BBDBB73B-23C7-443D-8583-0B3301A2A753}.Release|x64.Build.0 = Release|x64
		{BBDBB73B-23C7-443D-8583-0B3301A2A753}.Release|x86.ActiveCfg = Release|Win32
		{BBDBB73B-23C7-443D-8583-0B3301A2A753}.Release|x86.Build.0 = Release|Win32
	EndGlobalSection
	GlobalSection(SolutionProperties) = preSolution
		HideSolutionNode = FALSE
	EndGlobalSection
	GlobalSection(ExtensibilityGlobals) = postSolution
		SolutionGuid = {14E2E04C-0C01-4D59-805A-926E52DC9CF6}
	EndGlobalSection
EndGlobal
